{
  "name": "05.myWebpack",
  "version": "1.0.0",
  "lockfileVersion": 1,
  "requires": true,
  "dependencies": {
    "@babel/parser": {
      "version": "7.12.3",
      "resolved": "https://registry.npm.taobao.org/@babel/parser/download/@babel/parser-7.12.3.tgz?cache=0&sync_timestamp=1602881242014&other_urls=https%3A%2F%2Fregistry.npm.taobao.org%2F%40babel%2Fparser%2Fdownload%2F%40babel%2Fparser-7.12.3.tgz",
      "integrity": "sha1-owVBXr56bHAjtAtRIqBmLZKDNM0=",
      "dev": true
    }
  }
}
